
Microsoft Visual Studio Solution File, Format Version 9.00
# Visual Studio 2005
Project("{8BC9CEB8-8B4A-11D0-8D11-00A0C91BC942}") = "JSFormatter", "JSFormatter.vcproj", "{82AD0251-9EF8-4D70-80D4-D1B1AC608224}"
EndProject
Global
	GlobalSection(SolutionConfigurationPlatforms) = preSolution
		Debug|Win32 = Debug|Win32
		Release|Win32 = Release|Win32
	EndGlobalSection
	GlobalSection(ProjectConfigurationPlatforms) = postSolution
		{82AD0251-9EF8-4D70-80D4-D1B1AC608224}.Debug|Win32.ActiveCfg = Debug|Win32
		{82AD0251-9EF8-4D70-80D4-D1B1AC608224}.Debug|Win32.Build.0 = Debug|Win32
		{82AD0251-9EF8-4D70-80D4-D1B1AC608224}.Release|Win32.ActiveCfg = Release|Win32
		{82AD0251-9EF8-4D70-80D4-D1B1AC608224}.Release|Win32.Build.0 = Release|Win32
	EndGlobalSection
	GlobalSection(SolutionProperties) = preSolution
		HideSolutionNode = FALSE
	EndGlobalSection
EndGlobal
